
Microsoft Visual Studio Solution File, Format Version 12.00
# Visual Studio Version 17
VisualStudioVersion = 17.12.35527.113
MinimumVisualStudioVersion = 10.0.40219.1
Project("{FAE04EC0-301F-11D3-BF4B-00C04F79EFBC}") = "GBDMS", "GBDMS\GBDMS.csproj", "{05647954-C0CD-4785-894A-50411F025340}"
EndProject
Global
	GlobalSection(SolutionConfigurationPlatforms) = preSolution
		Debug|Any CPU = Debug|Any CPU
		Release|Any CPU = Release|Any CPU
	EndGlobalSection
	GlobalSection(ProjectConfigurationPlatforms) = postSolution
		{05647954-C0CD-4785-894A-50411F025340}.Debug|Any CPU.ActiveCfg = Debug|Any CPU
		{05647954-C0CD-4785-894A-50411F025340}.Debug|Any CPU.Build.0 = Debug|Any CPU
		{05647954-C0CD-4785-894A-50411F025340}.Debug|Any CPU.Deploy.0 = Debug|Any CPU
		{05647954-C0CD-4785-894A-50411F025340}.Release|Any CPU.ActiveCfg = Release|Any CPU
		{05647954-C0CD-4785-894A-50411F025340}.Release|Any CPU.Build.0 = Release|Any CPU
		{05647954-C0CD-4785-894A-50411F025340}.Release|Any CPU.Deploy.0 = Release|Any CPU
	EndGlobalSection
	GlobalSection(SolutionProperties) = preSolution
		HideSolutionNode = FALSE
	EndGlobalSection
	GlobalSection(ExtensibilityGlobals) = postSolution
		SolutionGuid = {57AB8A21-EF76-4832-80AA-B98D13CC7162}
	EndGlobalSection
EndGlobal
